
Microsoft Visual Studio Solution File, Format Version 12.00
# Visual Studio Version 17
VisualStudioVersion = 17.5.33516.290
MinimumVisualStudioVersion = 10.0.40219.1
Project("{FAE04EC0-301F-11D3-BF4B-00C04F79EFBC}") = "RailwayDeployment", "RailwayDeployment\RailwayDeployment.csproj", "{C12E07D9-C7C1-49B9-8A4C-6410A384DDD0}"
EndProject
Global
	GlobalSection(SolutionConfigurationPlatforms) = preSolution
		Debug|Any CPU = Debug|Any CPU
		Release|Any CPU = Release|Any CPU
	EndGlobalSection
	GlobalSection(ProjectConfigurationPlatforms) = postSolution
		{C12E07D9-C7C1-49B9-8A4C-6410A384DDD0}.Debug|Any CPU.ActiveCfg = Debug|Any CPU
		{C12E07D9-C7C1-49B9-8A4C-6410A384DDD0}.Debug|Any CPU.Build.0 = Debug|Any CPU
		{C12E07D9-C7C1-49B9-8A4C-6410A384DDD0}.Release|Any CPU.ActiveCfg = Release|Any CPU
		{C12E07D9-C7C1-49B9-8A4C-6410A384DDD0}.Release|Any CPU.Build.0 = Release|Any CPU
	EndGlobalSection
	GlobalSection(SolutionProperties) = preSolution
		HideSolutionNode = FALSE
	EndGlobalSection
	GlobalSection(ExtensibilityGlobals) = postSolution
		SolutionGuid = {EB68EB14-8945-463A-B03C-A0805BFA801A}
	EndGlobalSection
EndGlobal
